version = 1
revision = 2
requires-python = ">=3.13"

[[package]]
name = "handright"
version = "8.2.0"
source = { registry = "https://pypi.org/simple" }
dependencies = [
    { name = "pillow" },
]
sdist = { url = "https://files.pythonhosted.org/packages/d6/b0/3232ad249f8a627d38be39e4839803f9b8e8f428cf9f0fbaf69e66d42897/handright-8.2.0.tar.gz", hash = "sha256:644c02506b877c15a8f0fd9e7b884ef118fb8d50c034ef58e0392d01f71ab352", size = 12451, upload-time = "2023-08-19T04:28:22.428Z" }
wheels = [
    { url = "https://files.pythonhosted.org/packages/40/00/1c5e1751c2b986b3408ef6df21c7c412d14de84cf5a7dc029774afae8a60/handright-8.2.0-py3-none-any.whl", hash = "sha256:aad7f7eb2539750ad7270cd160920258d252f0ba8216747eb48dbac95fb4fbf2", size = 11876, upload-time = "2023-08-19T04:28:20.572Z" },
]

[[package]]
name = "handwrite"
version = "0.1.0"
source = { virtual = "." }
dependencies = [
    { name = "handright" },
    { name = "pyside6" },
]

[package.metadata]
requires-dist = [
    { name = "handright", specifier = ">=8.2.0" },
    { name = "pyside6", specifier = ">=6.9.0" },
]

[[package]]
name = "pillow"
version = "10.4.0"
source = { registry = "https://pypi.org/simple" }
sdist = { url = "https://files.pythonhosted.org/packages/cd/74/ad3d526f3bf7b6d3f408b73fde271ec69dfac8b81341a318ce825f2b3812/pillow-10.4.0.tar.gz", hash = "sha256:166c1cd4d24309b30d61f79f4a9114b7b2313d7450912277855ff5dfd7cd4a06", size = 46555059, upload-time = "2024-07-01T09:48:43.583Z" }
wheels = [
    { url = "https://files.pythonhosted.org/packages/c3/00/706cebe7c2c12a6318aabe5d354836f54adff7156fd9e1bd6c89f4ba0e98/pillow-10.4.0-cp313-cp313-macosx_10_13_x86_64.whl", hash = "sha256:8bc1a764ed8c957a2e9cacf97c8b2b053b70307cf2996aafd70e91a082e70df3", size = 3525685, upload-time = "2024-07-01T09:46:45.194Z" },
    { url = "https://files.pythonhosted.org/packages/cf/76/f658cbfa49405e5ecbfb9ba42d07074ad9792031267e782d409fd8fe7c69/pillow-10.4.0-cp313-cp313-macosx_11_0_arm64.whl", hash = "sha256:6209bb41dc692ddfee4942517c19ee81b86c864b626dbfca272ec0f7cff5d9fb", size = 3374883, upload-time = "2024-07-01T09:46:47.331Z" },
    { url = "https://files.pythonhosted.org/packages/46/2b/99c28c4379a85e65378211971c0b430d9c7234b1ec4d59b2668f6299e011/pillow-10.4.0-cp313-cp313-manylinux_2_17_aarch64.manylinux2014_aarch64.whl", hash = "sha256:bee197b30783295d2eb680b311af15a20a8b24024a19c3a26431ff83eb8d1f70", size = 4339837, upload-time = "2024-07-01T09:46:49.647Z" },
    { url = "https://files.pythonhosted.org/packages/f1/74/b1ec314f624c0c43711fdf0d8076f82d9d802afd58f1d62c2a86878e8615/pillow-10.4.0-cp313-cp313-manylinux_2_17_x86_64.manylinux2014_x86_64.whl", hash = "sha256:1ef61f5dd14c300786318482456481463b9d6b91ebe5ef12f405afbba77ed0be", size = 4455562, upload-time = "2024-07-01T09:46:51.811Z" },
    { url = "https://files.pythonhosted.org/packages/4a/2a/4b04157cb7b9c74372fa867096a1607e6fedad93a44deeff553ccd307868/pillow-10.4.0-cp313-cp313-manylinux_2_28_aarch64.whl", hash = "sha256:297e388da6e248c98bc4a02e018966af0c5f92dfacf5a5ca22fa01cb3179bca0", size = 4366761, upload-time = "2024-07-01T09:46:53.961Z" },
    { url = "https://files.pythonhosted.org/packages/ac/7b/8f1d815c1a6a268fe90481232c98dd0e5fa8c75e341a75f060037bd5ceae/pillow-10.4.0-cp313-cp313-manylinux_2_28_x86_64.whl", hash = "sha256:e4db64794ccdf6cb83a59d73405f63adbe2a1887012e308828596100a0b2f6cc", size = 4536767, upload-time = "2024-07-01T09:46:56.664Z" },
    { url = "https://files.pythonhosted.org/packages/e5/77/05fa64d1f45d12c22c314e7b97398ffb28ef2813a485465017b7978b3ce7/pillow-10.4.0-cp313-cp313-musllinux_1_2_aarch64.whl", hash = "sha256:bd2880a07482090a3bcb01f4265f1936a903d70bc740bfcb1fd4e8a2ffe5cf5a", size = 4477989, upload-time = "2024-07-01T09:46:58.977Z" },
    { url = "https://files.pythonhosted.org/packages/12/63/b0397cfc2caae05c3fb2f4ed1b4fc4fc878f0243510a7a6034ca59726494/pillow-10.4.0-cp313-cp313-musllinux_1_2_x86_64.whl", hash = "sha256:4b35b21b819ac1dbd1233317adeecd63495f6babf21b7b2512d244ff6c6ce309", size = 4610255, upload-time = "2024-07-01T09:47:01.189Z" },
    { url = "https://files.pythonhosted.org/packages/7b/f9/cfaa5082ca9bc4a6de66ffe1c12c2d90bf09c309a5f52b27759a596900e7/pillow-10.4.0-cp313-cp313-win32.whl", hash = "sha256:551d3fd6e9dc15e4c1eb6fc4ba2b39c0c7933fa113b220057a34f4bb3268a060", size = 2235603, upload-time = "2024-07-01T09:47:03.918Z" },
    { url = "https://files.pythonhosted.org/packages/01/6a/30ff0eef6e0c0e71e55ded56a38d4859bf9d3634a94a88743897b5f96936/pillow-10.4.0-cp313-cp313-win_amd64.whl", hash = "sha256:030abdbe43ee02e0de642aee345efa443740aa4d828bfe8e2eb11922ea6a21ea", size = 2554972, upload-time = "2024-07-01T09:47:06.152Z" },
    { url = "https://files.pythonhosted.org/packages/48/2c/2e0a52890f269435eee38b21c8218e102c621fe8d8df8b9dd06fabf879ba/pillow-10.4.0-cp313-cp313-win_arm64.whl", hash = "sha256:5b001114dd152cfd6b23befeb28d7aee43553e2402c9f159807bf55f33af8a8d", size = 2243375, upload-time = "2024-07-01T09:47:09.065Z" },
]

[[package]]
name = "pyside6"
version = "6.9.0"
source = { registry = "https://pypi.org/simple" }
dependencies = [
    { name = "pyside6-addons" },
    { name = "pyside6-essentials" },
    { name = "shiboken6" },
]
wheels = [
    { url = "https://files.pythonhosted.org/packages/46/74/0b465aa77644cfc3bfde912bb999b5a441d92c699272cab722335e92df3e/PySide6-6.9.0-cp39-abi3-macosx_12_0_universal2.whl", hash = "sha256:b8f286a1bd143f3b2bdf08367b9362b13f469d26986c25700af9c4c68f79213e", size = 558001, upload-time = "2025-04-02T10:56:35.197Z" },
    { url = "https://files.pythonhosted.org/packages/91/53/ce78d2c279a4ed7d4baf5089a5ebff45d675670a42daa5e0f8dbb9ced6ed/PySide6-6.9.0-cp39-abi3-manylinux_2_28_x86_64.whl", hash = "sha256:09239d1b808f18efccd3803db874d683917efcdebfdf0e8dec449cf50e74e7aa", size = 558139, upload-time = "2025-04-02T10:56:37.029Z" },
    { url = "https://files.pythonhosted.org/packages/4b/54/41d6ab0847c043f1fd96433a87ffd09a7cf17e11f5587e91e152777ec010/PySide6-6.9.0-cp39-abi3-manylinux_2_39_aarch64.whl", hash = "sha256:1a176409dd0dd12b72d2c78b776e5051f569071ec52b7aaadd0a5b3333493c24", size = 558139, upload-time = "2025-04-02T10:56:38.519Z" },
    { url = "https://files.pythonhosted.org/packages/63/03/55a632191beadd6bc59b04055961e2c3224a3475a906a63d1899a5ab493d/PySide6-6.9.0-cp39-abi3-win_amd64.whl", hash = "sha256:0103e5d161696db40d75bfbf4e4b7d4f3372903c1b400c4e3379377b62c50290", size = 564479, upload-time = "2025-04-02T10:56:40.69Z" },
    { url = "https://files.pythonhosted.org/packages/e8/80/340523ecb17d2a168d7e37dfd8a7a0eebb81dcbec4870447f132f2a1a28e/PySide6-6.9.0-cp39-abi3-win_arm64.whl", hash = "sha256:846fbccf0b3501eb31cf0791a46e137615efba6ce540da2b426d79fa3e7762c4", size = 401752, upload-time = "2025-04-02T10:56:42.175Z" },
]

[[package]]
name = "pyside6-addons"
version = "6.9.0"
source = { registry = "https://pypi.org/simple" }
dependencies = [
    { name = "pyside6-essentials" },
    { name = "shiboken6" },
]
wheels = [
    { url = "https://files.pythonhosted.org/packages/e8/a4/211077b3f30342827b2c543f80a5f6bc483ff3af6be99766984618e68fb6/PySide6_Addons-6.9.0-cp39-abi3-macosx_12_0_universal2.whl", hash = "sha256:98f9ad4b65820736e12d49c18db2e570eac63727407fbb59a62ac753e89dc201", size = 315606763, upload-time = "2025-04-02T10:56:56.271Z" },
    { url = "https://files.pythonhosted.org/packages/58/c1/21224090a7ee7e9ce5699e5bf16b84d576b7587f0712ccb6862a8b28476c/PySide6_Addons-6.9.0-cp39-abi3-manylinux_2_28_x86_64.whl", hash = "sha256:fc9dcd63a0ce7565f238cb11c44494435a50eb6cb72b8dbce3b709618989c3dc", size = 166252767, upload-time = "2025-04-02T10:57:11.175Z" },
    { url = "https://files.pythonhosted.org/packages/85/c3/add4948cf15648db542531a5c292f9de946ee288243730be7607499936ec/PySide6_Addons-6.9.0-cp39-abi3-manylinux_2_39_aarch64.whl", hash = "sha256:d8a650644e0b9d1e7a092f6bcd11f25a63706d12f77d442b6ace75d346ab5d30", size = 161938789, upload-time = "2025-04-02T10:57:22.898Z" },
    { url = "https://files.pythonhosted.org/packages/77/c0/b1718f62d1fcc9bac4c410d4150d7e1214235e73cc18f39dc36ad49f093f/PySide6_Addons-6.9.0-cp39-abi3-win_amd64.whl", hash = "sha256:8cf54065b3d1b4698448fad825378a25c10ef52017d9dff48cead03200636d8d", size = 142994491, upload-time = "2025-04-02T10:57:34.865Z" },
    { url = "https://files.pythonhosted.org/packages/29/aa/810ceb3d111fa6a0cc865520e05198dd0cad4855558c8c8309d4d3852854/PySide6_Addons-6.9.0-cp39-abi3-win_arm64.whl", hash = "sha256:260a56da59539f476c1635a3ff13591e10f1b04d92155c0617129bc53ca8b5f8", size = 26840861, upload-time = "2025-04-02T10:57:41.312Z" },
]

[[package]]
name = "pyside6-essentials"
version = "6.9.0"
source = { registry = "https://pypi.org/simple" }
dependencies = [
    { name = "shiboken6" },
]
wheels = [
    { url = "https://files.pythonhosted.org/packages/98/ac/a3c8097d6fdcf414d961bdc0d532381d0ee141e4c699f5e2b881a7c3613f/PySide6_Essentials-6.9.0-cp39-abi3-macosx_12_0_universal2.whl", hash = "sha256:b18e3e01b507e8a57481fe19792eb373d5f10a23a50702ce540da1435e722f39", size = 131981893, upload-time = "2025-04-02T10:57:49.618Z" },
    { url = "https://files.pythonhosted.org/packages/9e/fd/46b713827007162de9108b22d01702868e75f31585da7eca5a79e3435590/PySide6_Essentials-6.9.0-cp39-abi3-manylinux_2_28_x86_64.whl", hash = "sha256:45eaf7f17688d1991f39680dbfd3c41674f3cbb78f278aa10fe0b5f2f31c1989", size = 94232483, upload-time = "2025-04-02T10:57:58.879Z" },
    { url = "https://files.pythonhosted.org/packages/ff/f1/72e1d400017a658e271594c8bd9c447c623dfd4fb936f4e043a4f9a8c93b/PySide6_Essentials-6.9.0-cp39-abi3-manylinux_2_39_aarch64.whl", hash = "sha256:69aedfad77119c5bec0005ca31d5620e9bac8ba5ae66c7389160530cfd698ed8", size = 92102516, upload-time = "2025-04-02T10:58:06.598Z" },
    { url = "https://files.pythonhosted.org/packages/96/8a/bc710350c4cf6894968e39970eaa613b85a82eb1f230052de597e44a00ac/PySide6_Essentials-6.9.0-cp39-abi3-win_amd64.whl", hash = "sha256:94a0096d6bb1d3e5cef29ca4a5366d0f229d42480fbb17aa25ad85d72b1b7947", size = 72336994, upload-time = "2025-04-02T10:58:14.491Z" },
    { url = "https://files.pythonhosted.org/packages/49/a4/703e379a0979985f681cf04b9af4129f5dde20141b3cc64fc2a39d006614/PySide6_Essentials-6.9.0-cp39-abi3-win_arm64.whl", hash = "sha256:d2dc45536f2269ad111991042e81257124f1cd1c9ed5ea778d7224fd65dc9e2b", size = 49449220, upload-time = "2025-04-02T10:58:21.192Z" },
]

[[package]]
name = "shiboken6"
version = "6.9.0"
source = { registry = "https://pypi.org/simple" }
wheels = [
    { url = "https://files.pythonhosted.org/packages/be/85/97b36b045a233bcea9580e8c99d5c76d65cf9727dad8cb173527f6717471/shiboken6-6.9.0-cp39-abi3-macosx_12_0_universal2.whl", hash = "sha256:c4d8e3a5907154ac4789e52c77957db95bcf584238c244d7743cb39e9b66dd26", size = 407067, upload-time = "2025-04-02T10:58:43.491Z" },
    { url = "https://files.pythonhosted.org/packages/45/d3/f6ddef22d4f2ac11c079157ad3714d9b1fb9324d9cd3b200f824923fe2ba/shiboken6-6.9.0-cp39-abi3-manylinux_2_28_x86_64.whl", hash = "sha256:3f585caae5b814a7e23308db0a077355a7dc20c34d58ca4c339ff7625e9a1936", size = 206509, upload-time = "2025-04-02T10:58:44.905Z" },
    { url = "https://files.pythonhosted.org/packages/0d/59/6a91aad272fe89bf2293b7864fb6e926822c93a2f6192611528c6945196d/shiboken6-6.9.0-cp39-abi3-manylinux_2_39_aarch64.whl", hash = "sha256:b61579b90bf9c53ecc174085a69429166dfe57a0b8b894f933d1281af9df6568", size = 202809, upload-time = "2025-04-02T10:58:46.667Z" },
    { url = "https://files.pythonhosted.org/packages/e2/6e/cf00d723ab141132fb6d35ba8faf109cbc0ee83412016343600abb423149/shiboken6-6.9.0-cp39-abi3-win_amd64.whl", hash = "sha256:121ea290ed1afa5ad6abf690b377612693436292b69c61b0f8e10b1f0850f935", size = 1153132, upload-time = "2025-04-02T10:58:50.973Z" },
    { url = "https://files.pythonhosted.org/packages/b5/01/d59babab05786c99ebabdd152864ea3d4c500160979952c620eec68b1ff2/shiboken6-6.9.0-cp39-abi3-win_arm64.whl", hash = "sha256:24f53857458881b54798d7e35704611d07f6b6885bcdf80f13a4c8bb485b8df2", size = 1831261, upload-time = "2025-04-02T10:58:52.789Z" },
]
